<?xml version="1.0" encoding="UTF-8" standalone="yes" ?>
<CodeBlocks_project_file>
	<FileVersion major="1" minor="6" />
	<Project>
		<Option title="CPPDB udjat module" />
		<Option makefile_is_custom="1" />
		<Option pch_mode="2" />
		<Option compiler="gcc" />
		<Build>
			<Target title="Debug">
				<Option output=".bin/Debug/CPPDB udjat module" prefix_auto="1" extension_auto="1" />
				<Option object_output=".obj/Debug/" />
				<Option type="1" />
				<Option compiler="gcc" />
				<Compiler>
					<Add option="-g" />
				</Compiler>
			</Target>
			<Target title="Release">
				<Option output=".bin/Release/CPPDB udjat module" prefix_auto="1" extension_auto="1" />
				<Option object_output=".obj/Release/" />
				<Option type="1" />
				<Option compiler="gcc" />
				<Compiler>
					<Add option="-O2" />
				</Compiler>
				<Linker>
					<Add option="-s" />
				</Linker>
			</Target>
		</Build>
		<Compiler>
			<Add option="-Wall" />
		</Compiler>
		<Unit filename="src/include/config.h" />
		<Unit filename="src/include/private/controller.h" />
		<Unit filename="src/include/private/cppdb.h" />
		<Unit filename="src/include/private/module.h" />
		<Unit filename="src/include/private/session.h" />
		<Unit filename="src/include/private/sqlite.h" />
		<Unit filename="src/include/private/urlqueue.h" />
		<Unit filename="src/include/udjat/agent/sql.h" />
		<Unit filename="src/include/udjat/alert/sql.h" />
		<Unit filename="src/include/udjat/tools/sql/apicall.h" />
		<Unit filename="src/include/udjat/tools/sql/script.h" />
		<Unit filename="src/library/alert.cc" />
		<Unit filename="src/library/apicall.cc" />
		<Unit filename="src/library/controller.cc" />
		<Unit filename="src/library/engines/cppdb/alert.cc" />
		<Unit filename="src/library/engines/cppdb/exec.cc" />
		<Unit filename="src/library/engines/cppdb/module.cc" />
		<Unit filename="src/library/engines/sqlite/alert.cc" />
		<Unit filename="src/library/engines/sqlite/exec.cc" />
		<Unit filename="src/library/engines/sqlite/module.cc" />
		<Unit filename="src/library/engines/sqlite/session.cc" />
		<Unit filename="src/library/script.cc" />
		<Unit filename="src/library/statement.cc" />
		<Unit filename="src/library/urlqueue.cc" />
		<Unit filename="src/module/init.cc" />
		<Unit filename="src/testprogram/testprogram.cc" />
		<Extensions />
	</Project>
</CodeBlocks_project_file>
